// !$*UTF8*$!
{
	archiveVersion = 1;
	classes = {
	};
	objectVersion = 42;
	objects = {

/* Begin PBXBuildFile section */
		7312338B0D0BDD3D007D60FB /* mcloop.h in Headers */ = {isa = PBXBuildFile; fileRef = 731233890D0BDD3D007D60FB /* mcloop.h */; };
		7352F10E0CFEE36F0042BEF7 /* analysis.C in Sources */ = {isa = PBXBuildFile; fileRef = 73B0A7360CF3463E0026CD5F /* analysis.C */; };
		7352F10F0CFEE36F0042BEF7 /* container.C in Sources */ = {isa = PBXBuildFile; fileRef = 73B0A73A0CF3463E0026CD5F /* container.C */; };
		7352F1100CFEE36F0042BEF7 /* group.C in Sources */ = {isa = PBXBuildFile; fileRef = 73B0A73E0CF3463E0026CD5F /* group.C */; };
		7352F1110CFEE36F0042BEF7 /* hardsphere.C in Sources */ = {isa = PBXBuildFile; fileRef = 73B0A7400CF3463E0026CD5F /* hardsphere.C */; };
		7352F1120CFEE36F0042BEF7 /* inputfile.C in Sources */ = {isa = PBXBuildFile; fileRef = 73B0A7430CF3463E0026CD5F /* inputfile.C */; };
		7352F1130CFEE36F0042BEF7 /* io.C in Sources */ = {isa = PBXBuildFile; fileRef = 73B0A7450CF3463E0026CD5F /* io.C */; };
		7352F1140CFEE36F0042BEF7 /* particles.C in Sources */ = {isa = PBXBuildFile; fileRef = 73B0A7520CF3463E0026CD5F /* particles.C */; };
		7352F1150CFEE36F0042BEF7 /* physconst.C in Sources */ = {isa = PBXBuildFile; fileRef = 73B0A7540CF3463E0026CD5F /* physconst.C */; };
		7352F1160CFEE36F0042BEF7 /* point.C in Sources */ = {isa = PBXBuildFile; fileRef = 73B0A7560CF3463E0026CD5F /* point.C */; };
		7352F1170CFEE36F0042BEF7 /* potentials.C in Sources */ = {isa = PBXBuildFile; fileRef = 73B0A75A0CF3463E0026CD5F /* potentials.C */; };
		7352F1180CFEE36F0042BEF7 /* slump.C in Sources */ = {isa = PBXBuildFile; fileRef = 73B0A75D0CF3463E0026CD5F /* slump.C */; };
		7352F11A0CFEE36F0042BEF7 /* species.C in Sources */ = {isa = PBXBuildFile; fileRef = 73B0A75F0CF3463E0026CD5F /* species.C */; };
		7352F11B0CFEE36F0042BEF7 /* titrate.C in Sources */ = {isa = PBXBuildFile; fileRef = 73B0A7620CF3463E0026CD5F /* titrate.C */; };
		7352F1250CFEE43E0042BEF7 /* xytable.h in Headers */ = {isa = PBXBuildFile; fileRef = 73B0A7650CF3463E0026CD5F /* xytable.h */; };
		7352F1260CFEE43E0042BEF7 /* species.h in Headers */ = {isa = PBXBuildFile; fileRef = 73B0A7600CF3463E0026CD5F /* species.h */; };
		7352F1270CFEE43E0042BEF7 /* statistics.h in Headers */ = {isa = PBXBuildFile; fileRef = 73B0A7610CF3463E0026CD5F /* statistics.h */; };
		7352F1280CFEE43E0042BEF7 /* titrate.h in Headers */ = {isa = PBXBuildFile; fileRef = 73B0A7630CF3463E0026CD5F /* titrate.h */; };
		7352F1290CFEE43E0042BEF7 /* xydata.h in Headers */ = {isa = PBXBuildFile; fileRef = 73B0A7640CF3463E0026CD5F /* xydata.h */; };
		7352F12A0CFEE43E0042BEF7 /* analysis.h in Headers */ = {isa = PBXBuildFile; fileRef = 73B0A7370CF3463E0026CD5F /* analysis.h */; };
		7352F12B0CFEE43E0042BEF7 /* average.h in Headers */ = {isa = PBXBuildFile; fileRef = 73B0A7380CF3463E0026CD5F /* average.h */; };
		7352F12D0CFEE43E0042BEF7 /* container.h in Headers */ = {isa = PBXBuildFile; fileRef = 73B0A73B0CF3463E0026CD5F /* container.h */; };
		7352F12E0CFEE43E0042BEF7 /* countdown.h in Headers */ = {isa = PBXBuildFile; fileRef = 73B0A73C0CF3463E0026CD5F /* countdown.h */; };
		7352F12F0CFEE43E0042BEF7 /* ensemble.h in Headers */ = {isa = PBXBuildFile; fileRef = 73B0A73D0CF3463E0026CD5F /* ensemble.h */; };
		7352F1300CFEE43E0042BEF7 /* group.h in Headers */ = {isa = PBXBuildFile; fileRef = 73B0A73F0CF3463E0026CD5F /* group.h */; };
		7352F1310CFEE43E0042BEF7 /* hardsphere.h in Headers */ = {isa = PBXBuildFile; fileRef = 73B0A7410CF3463E0026CD5F /* hardsphere.h */; };
		7352F1320CFEE43E0042BEF7 /* histogram.h in Headers */ = {isa = PBXBuildFile; fileRef = 73B0A7420CF3463E0026CD5F /* histogram.h */; };
		7352F1330CFEE43E0042BEF7 /* inputfile.h in Headers */ = {isa = PBXBuildFile; fileRef = 73B0A7440CF3463E0026CD5F /* inputfile.h */; };
		7352F1340CFEE43E0042BEF7 /* io.h in Headers */ = {isa = PBXBuildFile; fileRef = 73B0A7460CF3463E0026CD5F /* io.h */; };
		7352F1350CFEE43E0042BEF7 /* legendre.h in Headers */ = {isa = PBXBuildFile; fileRef = 73B0A7470CF3463E0026CD5F /* legendre.h */; };
		7352F1360CFEE43E0042BEF7 /* lennardjones.h in Headers */ = {isa = PBXBuildFile; fileRef = 73B0A7480CF3463E0026CD5F /* lennardjones.h */; };
		7352F1370CFEE43E0042BEF7 /* markovmove.h in Headers */ = {isa = PBXBuildFile; fileRef = 73B0A74A0CF3463E0026CD5F /* markovmove.h */; };
		7352F1380CFEE43E0042BEF7 /* particles.h in Headers */ = {isa = PBXBuildFile; fileRef = 73B0A7530CF3463E0026CD5F /* particles.h */; };
		7352F1390CFEE43E0042BEF7 /* physconst.h in Headers */ = {isa = PBXBuildFile; fileRef = 73B0A7550CF3463E0026CD5F /* physconst.h */; };
		7352F13A0CFEE43E0042BEF7 /* point.h in Headers */ = {isa = PBXBuildFile; fileRef = 73B0A7570CF3463E0026CD5F /* point.h */; };
		7352F13B0CFEE43E0042BEF7 /* pot_rfield.h in Headers */ = {isa = PBXBuildFile; fileRef = 73B0A7580CF3463E0026CD5F /* pot_rfield.h */; };
		7352F13C0CFEE43E0042BEF7 /* pot_spring.h in Headers */ = {isa = PBXBuildFile; fileRef = 73B0A7590CF3463E0026CD5F /* pot_spring.h */; };
		7352F13D0CFEE43E0042BEF7 /* potentials.h in Headers */ = {isa = PBXBuildFile; fileRef = 73B0A75B0CF3463E0026CD5F /* potentials.h */; };
		7352F13E0CFEE43E0042BEF7 /* simpson.h in Headers */ = {isa = PBXBuildFile; fileRef = 73B0A75C0CF3463E0026CD5F /* simpson.h */; };
		7352F1410CFEE4830042BEF7 /* slump.h in Headers */ = {isa = PBXBuildFile; fileRef = 73B0A75E0CF3463E0026CD5F /* slump.h */; };
		7359E7080D145AD60022D178 /* widom.C in Sources */ = {isa = PBXBuildFile; fileRef = 7359E7070D145AD60022D178 /* widom.C */; };
		7359E72D0D145C160022D178 /* liblibfaunus.a in Frameworks */ = {isa = PBXBuildFile; fileRef = 7352F0FB0CFEE2650042BEF7 /* liblibfaunus.a */; };
		7359E7550D145E520022D178 /* liblibfaunus.a in Frameworks */ = {isa = PBXBuildFile; fileRef = 7352F0FB0CFEE2650042BEF7 /* liblibfaunus.a */; };
		7359E7560D145E5A0022D178 /* manybody.C in Sources */ = {isa = PBXBuildFile; fileRef = 7333042C0CFEE0100025AE1E /* manybody.C */; };
		7359E7590D145E960022D178 /* manybody.conf in CopyFiles */ = {isa = PBXBuildFile; fileRef = 7352F0F10CFEE1AD0042BEF7 /* manybody.conf */; };
		7359E75A0D145E960022D178 /* mrh4a.aam in CopyFiles */ = {isa = PBXBuildFile; fileRef = 733304330CFEE06A0025AE1E /* mrh4a.aam */; };
		7359E7680D145F490022D178 /* pot_hydrophobic.h in Headers */ = {isa = PBXBuildFile; fileRef = 7359E7670D145F490022D178 /* pot_hydrophobic.h */; };
/* End PBXBuildFile section */

/* Begin PBXContainerItemProxy section */
		7359E6F70D145A3F0022D178 /* PBXContainerItemProxy */ = {
			isa = PBXContainerItemProxy;
			containerPortal = 08FB7793FE84155DC02AAC07 /* Project object */;
			proxyType = 1;
			remoteGlobalIDString = 7352F0FA0CFEE2650042BEF7 /* faunus */;
			remoteInfo = faunus;
		};
		7359E7530D145E3A0022D178 /* PBXContainerItemProxy */ = {
			isa = PBXContainerItemProxy;
			containerPortal = 08FB7793FE84155DC02AAC07 /* Project object */;
			proxyType = 1;
			remoteGlobalIDString = 7352F0FA0CFEE2650042BEF7 /* faunus */;
			remoteInfo = faunus;
		};
/* End PBXContainerItemProxy section */

/* Begin PBXCopyFilesBuildPhase section */
		7359E75E0D145EDD0022D178 /* CopyFiles */ = {
			isa = PBXCopyFilesBuildPhase;
			buildActionMask = 2147483647;
			dstPath = "";
			dstSubfolderSpec = 7;
			files = (
				7359E7590D145E960022D178 /* manybody.conf in CopyFiles */,
				7359E75A0D145E960022D178 /* mrh4a.aam in CopyFiles */,
			);
			runOnlyForDeploymentPostprocessing = 0;
		};
/* End PBXCopyFilesBuildPhase section */

/* Begin PBXFileReference section */
		731233890D0BDD3D007D60FB /* mcloop.h */ = {isa = PBXFileReference; fileEncoding = 30; lastKnownFileType = sourcecode.c.h; name = mcloop.h; path = ../classes/mcloop.h; sourceTree = SOURCE_ROOT; };
		7333042C0CFEE0100025AE1E /* manybody.C */ = {isa = PBXFileReference; fileEncoding = 30; lastKnownFileType = sourcecode.cpp.cpp; name = manybody.C; path = ../examples/manybody/manybody.C; sourceTree = SOURCE_ROOT; };
		733304330CFEE06A0025AE1E /* mrh4a.aam */ = {isa = PBXFileReference; fileEncoding = 30; lastKnownFileType = text; name = mrh4a.aam; path = ../examples/manybody/mrh4a.aam; sourceTree = SOURCE_ROOT; };
		7352F0F10CFEE1AD0042BEF7 /* manybody.conf */ = {isa = PBXFileReference; fileEncoding = 30; lastKnownFileType = text; name = manybody.conf; path = ../examples/manybody/manybody.conf; sourceTree = SOURCE_ROOT; };
		7352F0FB0CFEE2650042BEF7 /* liblibfaunus.a */ = {isa = PBXFileReference; explicitFileType = archive.ar; includeInIndex = 0; path = liblibfaunus.a; sourceTree = BUILT_PRODUCTS_DIR; };
		7359E6F30D145A210022D178 /* widom */ = {isa = PBXFileReference; explicitFileType = "compiled.mach-o.executable"; includeInIndex = 0; path = widom; sourceTree = BUILT_PRODUCTS_DIR; };
		7359E7070D145AD60022D178 /* widom.C */ = {isa = PBXFileReference; fileEncoding = 4; lastKnownFileType = sourcecode.cpp.cpp; name = widom.C; path = ../examples/widom/widom.C; sourceTree = SOURCE_ROOT; };
		7359E74F0D145E340022D178 /* manybody */ = {isa = PBXFileReference; explicitFileType = "compiled.mach-o.executable"; includeInIndex = 0; name = manybody; path = build/Release/manybody; sourceTree = "<group>"; };
		7359E7670D145F490022D178 /* pot_hydrophobic.h */ = {isa = PBXFileReference; fileEncoding = 4; lastKnownFileType = sourcecode.c.h; name = pot_hydrophobic.h; path = ../classes/pot_hydrophobic.h; sourceTree = SOURCE_ROOT; };
		73B0A7360CF3463E0026CD5F /* analysis.C */ = {isa = PBXFileReference; fileEncoding = 30; lastKnownFileType = sourcecode.cpp.cpp; name = analysis.C; path = ../classes/analysis.C; sourceTree = SOURCE_ROOT; };
		73B0A7370CF3463E0026CD5F /* analysis.h */ = {isa = PBXFileReference; fileEncoding = 30; lastKnownFileType = sourcecode.c.h; name = analysis.h; path = ../classes/analysis.h; sourceTree = SOURCE_ROOT; };
		73B0A7380CF3463E0026CD5F /* average.h */ = {isa = PBXFileReference; fileEncoding = 30; lastKnownFileType = sourcecode.c.h; name = average.h; path = ../classes/average.h; sourceTree = SOURCE_ROOT; };
		73B0A73A0CF3463E0026CD5F /* container.C */ = {isa = PBXFileReference; fileEncoding = 30; lastKnownFileType = sourcecode.cpp.cpp; name = container.C; path = ../classes/container.C; sourceTree = SOURCE_ROOT; };
		73B0A73B0CF3463E0026CD5F /* container.h */ = {isa = PBXFileReference; fileEncoding = 30; lastKnownFileType = sourcecode.c.h; name = container.h; path = ../classes/container.h; sourceTree = SOURCE_ROOT; };
		73B0A73C0CF3463E0026CD5F /* countdown.h */ = {isa = PBXFileReference; fileEncoding = 30; lastKnownFileType = sourcecode.c.h; name = countdown.h; path = ../classes/countdown.h; sourceTree = SOURCE_ROOT; };
		73B0A73D0CF3463E0026CD5F /* ensemble.h */ = {isa = PBXFileReference; fileEncoding = 30; lastKnownFileType = sourcecode.c.h; name = ensemble.h; path = ../classes/ensemble.h; sourceTree = SOURCE_ROOT; };
		73B0A73E0CF3463E0026CD5F /* group.C */ = {isa = PBXFileReference; fileEncoding = 30; lastKnownFileType = sourcecode.cpp.cpp; name = group.C; path = ../classes/group.C; sourceTree = SOURCE_ROOT; };
		73B0A73F0CF3463E0026CD5F /* group.h */ = {isa = PBXFileReference; fileEncoding = 30; lastKnownFileType = sourcecode.c.h; name = group.h; path = ../classes/group.h; sourceTree = SOURCE_ROOT; };
		73B0A7400CF3463E0026CD5F /* hardsphere.C */ = {isa = PBXFileReference; fileEncoding = 30; lastKnownFileType = sourcecode.cpp.cpp; name = hardsphere.C; path = ../classes/hardsphere.C; sourceTree = SOURCE_ROOT; };
		73B0A7410CF3463E0026CD5F /* hardsphere.h */ = {isa = PBXFileReference; fileEncoding = 30; lastKnownFileType = sourcecode.c.h; name = hardsphere.h; path = ../classes/hardsphere.h; sourceTree = SOURCE_ROOT; };
		73B0A7420CF3463E0026CD5F /* histogram.h */ = {isa = PBXFileReference; fileEncoding = 30; lastKnownFileType = sourcecode.c.h; name = histogram.h; path = ../classes/histogram.h; sourceTree = SOURCE_ROOT; };
		73B0A7430CF3463E0026CD5F /* inputfile.C */ = {isa = PBXFileReference; fileEncoding = 30; lastKnownFileType = sourcecode.cpp.cpp; name = inputfile.C; path = ../classes/inputfile.C; sourceTree = SOURCE_ROOT; };
		73B0A7440CF3463E0026CD5F /* inputfile.h */ = {isa = PBXFileReference; fileEncoding = 30; lastKnownFileType = sourcecode.c.h; name = inputfile.h; path = ../classes/inputfile.h; sourceTree = SOURCE_ROOT; };
		73B0A7450CF3463E0026CD5F /* io.C */ = {isa = PBXFileReference; fileEncoding = 30; lastKnownFileType = sourcecode.cpp.cpp; name = io.C; path = ../classes/io.C; sourceTree = SOURCE_ROOT; };
		73B0A7460CF3463E0026CD5F /* io.h */ = {isa = PBXFileReference; fileEncoding = 30; lastKnownFileType = sourcecode.c.h; name = io.h; path = ../classes/io.h; sourceTree = SOURCE_ROOT; };
		73B0A7470CF3463E0026CD5F /* legendre.h */ = {isa = PBXFileReference; fileEncoding = 30; lastKnownFileType = sourcecode.c.h; name = legendre.h; path = ../classes/legendre.h; sourceTree = SOURCE_ROOT; };
		73B0A7480CF3463E0026CD5F /* lennardjones.h */ = {isa = PBXFileReference; fileEncoding = 30; lastKnownFileType = sourcecode.c.h; name = lennardjones.h; path = ../classes/lennardjones.h; sourceTree = SOURCE_ROOT; };
		73B0A74A0CF3463E0026CD5F /* markovmove.h */ = {isa = PBXFileReference; fileEncoding = 30; lastKnownFileType = sourcecode.c.h; name = markovmove.h; path = ../classes/markovmove.h; sourceTree = SOURCE_ROOT; };
		73B0A7520CF3463E0026CD5F /* particles.C */ = {isa = PBXFileReference; fileEncoding = 30; lastKnownFileType = sourcecode.cpp.cpp; name = particles.C; path = ../classes/particles.C; sourceTree = SOURCE_ROOT; };
		73B0A7530CF3463E0026CD5F /* particles.h */ = {isa = PBXFileReference; fileEncoding = 30; lastKnownFileType = sourcecode.c.h; name = particles.h; path = ../classes/particles.h; sourceTree = SOURCE_ROOT; };
		73B0A7540CF3463E0026CD5F /* physconst.C */ = {isa = PBXFileReference; fileEncoding = 30; lastKnownFileType = sourcecode.cpp.cpp; name = physconst.C; path = ../classes/physconst.C; sourceTree = SOURCE_ROOT; };
		73B0A7550CF3463E0026CD5F /* physconst.h */ = {isa = PBXFileReference; fileEncoding = 30; lastKnownFileType = sourcecode.c.h; name = physconst.h; path = ../classes/physconst.h; sourceTree = SOURCE_ROOT; };
		73B0A7560CF3463E0026CD5F /* point.C */ = {isa = PBXFileReference; fileEncoding = 30; lastKnownFileType = sourcecode.cpp.cpp; name = point.C; path = ../classes/point.C; sourceTree = SOURCE_ROOT; };
		73B0A7570CF3463E0026CD5F /* point.h */ = {isa = PBXFileReference; fileEncoding = 30; lastKnownFileType = sourcecode.c.h; name = point.h; path = ../classes/point.h; sourceTree = SOURCE_ROOT; };
		73B0A7580CF3463E0026CD5F /* pot_rfield.h */ = {isa = PBXFileReference; fileEncoding = 30; lastKnownFileType = sourcecode.c.h; name = pot_rfield.h; path = ../classes/pot_rfield.h; sourceTree = SOURCE_ROOT; };
		73B0A7590CF3463E0026CD5F /* pot_spring.h */ = {isa = PBXFileReference; fileEncoding = 30; lastKnownFileType = sourcecode.c.h; name = pot_spring.h; path = ../classes/pot_spring.h; sourceTree = SOURCE_ROOT; };
		73B0A75A0CF3463E0026CD5F /* potentials.C */ = {isa = PBXFileReference; fileEncoding = 30; lastKnownFileType = sourcecode.cpp.cpp; name = potentials.C; path = ../classes/potentials.C; sourceTree = SOURCE_ROOT; };
		73B0A75B0CF3463E0026CD5F /* potentials.h */ = {isa = PBXFileReference; fileEncoding = 30; lastKnownFileType = sourcecode.c.h; name = potentials.h; path = ../classes/potentials.h; sourceTree = SOURCE_ROOT; };
		73B0A75C0CF3463E0026CD5F /* simpson.h */ = {isa = PBXFileReference; fileEncoding = 30; lastKnownFileType = sourcecode.c.h; name = simpson.h; path = ../classes/simpson.h; sourceTree = SOURCE_ROOT; };
		73B0A75D0CF3463E0026CD5F /* slump.C */ = {isa = PBXFileReference; fileEncoding = 30; lastKnownFileType = sourcecode.cpp.cpp; name = slump.C; path = ../classes/slump.C; sourceTree = SOURCE_ROOT; };
		73B0A75E0CF3463E0026CD5F /* slump.h */ = {isa = PBXFileReference; fileEncoding = 30; lastKnownFileType = sourcecode.c.h; name = slump.h; path = ../classes/slump.h; sourceTree = SOURCE_ROOT; };
		73B0A75F0CF3463E0026CD5F /* species.C */ = {isa = PBXFileReference; fileEncoding = 30; lastKnownFileType = sourcecode.cpp.cpp; name = species.C; path = ../classes/species.C; sourceTree = SOURCE_ROOT; };
		73B0A7600CF3463E0026CD5F /* species.h */ = {isa = PBXFileReference; fileEncoding = 30; lastKnownFileType = sourcecode.c.h; name = species.h; path = ../classes/species.h; sourceTree = SOURCE_ROOT; };
		73B0A7610CF3463E0026CD5F /* statistics.h */ = {isa = PBXFileReference; fileEncoding = 30; lastKnownFileType = sourcecode.c.h; name = statistics.h; path = ../classes/statistics.h; sourceTree = SOURCE_ROOT; };
		73B0A7620CF3463E0026CD5F /* titrate.C */ = {isa = PBXFileReference; fileEncoding = 30; lastKnownFileType = sourcecode.cpp.cpp; name = titrate.C; path = ../classes/titrate.C; sourceTree = SOURCE_ROOT; };
		73B0A7630CF3463E0026CD5F /* titrate.h */ = {isa = PBXFileReference; fileEncoding = 30; lastKnownFileType = sourcecode.c.h; name = titrate.h; path = ../classes/titrate.h; sourceTree = SOURCE_ROOT; };
		73B0A7640CF3463E0026CD5F /* xydata.h */ = {isa = PBXFileReference; fileEncoding = 30; lastKnownFileType = sourcecode.c.h; name = xydata.h; path = ../classes/xydata.h; sourceTree = SOURCE_ROOT; };
		73B0A7650CF3463E0026CD5F /* xytable.h */ = {isa = PBXFileReference; fileEncoding = 30; lastKnownFileType = sourcecode.c.h; name = xytable.h; path = ../classes/xytable.h; sourceTree = SOURCE_ROOT; };
/* End PBXFileReference section */

/* Begin PBXFrameworksBuildPhase section */
		7352F0F90CFEE2650042BEF7 /* Frameworks */ = {
			isa = PBXFrameworksBuildPhase;
			buildActionMask = 2147483647;
			files = (
			);
			runOnlyForDeploymentPostprocessing = 0;
		};
		7359E6F10D145A210022D178 /* Frameworks */ = {
			isa = PBXFrameworksBuildPhase;
			buildActionMask = 2147483647;
			files = (
				7359E72D0D145C160022D178 /* liblibfaunus.a in Frameworks */,
			);
			runOnlyForDeploymentPostprocessing = 0;
		};
		7359E74D0D145E340022D178 /* Frameworks */ = {
			isa = PBXFrameworksBuildPhase;
			buildActionMask = 2147483647;
			files = (
				7359E7550D145E520022D178 /* liblibfaunus.a in Frameworks */,
			);
			runOnlyForDeploymentPostprocessing = 0;
		};
/* End PBXFrameworksBuildPhase section */

/* Begin PBXGroup section */
		08FB7794FE84155DC02AAC07 /* faunus */ = {
			isa = PBXGroup;
			children = (
				7352F1090CFEE2FC0042BEF7 /* Headers */,
				7352F1030CFEE2990042BEF7 /* Classes */,
				73B0A7AB0CF349EF0026CD5F /* Data */,
				08FB7795FE84155DC02AAC07 /* Source */,
				1AB674ADFE9D54B511CA2CBB /* Products */,
			);
			name = faunus;
			sourceTree = "<group>";
		};
		08FB7795FE84155DC02AAC07 /* Source */ = {
			isa = PBXGroup;
			children = (
				7359E7070D145AD60022D178 /* widom.C */,
				7333042C0CFEE0100025AE1E /* manybody.C */,
			);
			name = Source;
			sourceTree = "<group>";
		};
		1AB674ADFE9D54B511CA2CBB /* Products */ = {
			isa = PBXGroup;
			children = (
				7352F0FB0CFEE2650042BEF7 /* liblibfaunus.a */,
				7359E6F30D145A210022D178 /* widom */,
				7359E74F0D145E340022D178 /* manybody */,
			);
			name = Products;
			sourceTree = "<group>";
		};
		7352F1030CFEE2990042BEF7 /* Classes */ = {
			isa = PBXGroup;
			children = (
				73B0A7360CF3463E0026CD5F /* analysis.C */,
				73B0A73A0CF3463E0026CD5F /* container.C */,
				73B0A73E0CF3463E0026CD5F /* group.C */,
				73B0A7400CF3463E0026CD5F /* hardsphere.C */,
				73B0A7430CF3463E0026CD5F /* inputfile.C */,
				73B0A7450CF3463E0026CD5F /* io.C */,
				73B0A7520CF3463E0026CD5F /* particles.C */,
				73B0A7540CF3463E0026CD5F /* physconst.C */,
				73B0A7560CF3463E0026CD5F /* point.C */,
				73B0A75A0CF3463E0026CD5F /* potentials.C */,
				73B0A75D0CF3463E0026CD5F /* slump.C */,
				73B0A75F0CF3463E0026CD5F /* species.C */,
				73B0A7620CF3463E0026CD5F /* titrate.C */,
			);
			name = Classes;
			sourceTree = "<group>";
		};
		7352F1090CFEE2FC0042BEF7 /* Headers */ = {
			isa = PBXGroup;
			children = (
				7359E7670D145F490022D178 /* pot_hydrophobic.h */,
				731233890D0BDD3D007D60FB /* mcloop.h */,
				73B0A75E0CF3463E0026CD5F /* slump.h */,
				73B0A7650CF3463E0026CD5F /* xytable.h */,
				73B0A7600CF3463E0026CD5F /* species.h */,
				73B0A7610CF3463E0026CD5F /* statistics.h */,
				73B0A7630CF3463E0026CD5F /* titrate.h */,
				73B0A7640CF3463E0026CD5F /* xydata.h */,
				73B0A7370CF3463E0026CD5F /* analysis.h */,
				73B0A7380CF3463E0026CD5F /* average.h */,
				73B0A73B0CF3463E0026CD5F /* container.h */,
				73B0A73C0CF3463E0026CD5F /* countdown.h */,
				73B0A73D0CF3463E0026CD5F /* ensemble.h */,
				73B0A73F0CF3463E0026CD5F /* group.h */,
				73B0A7410CF3463E0026CD5F /* hardsphere.h */,
				73B0A7420CF3463E0026CD5F /* histogram.h */,
				73B0A7440CF3463E0026CD5F /* inputfile.h */,
				73B0A7460CF3463E0026CD5F /* io.h */,
				73B0A7470CF3463E0026CD5F /* legendre.h */,
				73B0A7480CF3463E0026CD5F /* lennardjones.h */,
				73B0A74A0CF3463E0026CD5F /* markovmove.h */,
				73B0A7530CF3463E0026CD5F /* particles.h */,
				73B0A7550CF3463E0026CD5F /* physconst.h */,
				73B0A7570CF3463E0026CD5F /* point.h */,
				73B0A7580CF3463E0026CD5F /* pot_rfield.h */,
				73B0A7590CF3463E0026CD5F /* pot_spring.h */,
				73B0A75B0CF3463E0026CD5F /* potentials.h */,
				73B0A75C0CF3463E0026CD5F /* simpson.h */,
			);
			name = Headers;
			sourceTree = "<group>";
		};
		73B0A7AB0CF349EF0026CD5F /* Data */ = {
			isa = PBXGroup;
			children = (
				7352F0F10CFEE1AD0042BEF7 /* manybody.conf */,
				733304330CFEE06A0025AE1E /* mrh4a.aam */,
			);
			name = Data;
			sourceTree = "<group>";
		};
/* End PBXGroup section */

/* Begin PBXHeadersBuildPhase section */
		7352F0F70CFEE2650042BEF7 /* Headers */ = {
			isa = PBXHeadersBuildPhase;
			buildActionMask = 2147483647;
			files = (
				7352F1410CFEE4830042BEF7 /* slump.h in Headers */,
				7352F1250CFEE43E0042BEF7 /* xytable.h in Headers */,
				7352F1260CFEE43E0042BEF7 /* species.h in Headers */,
				7352F1270CFEE43E0042BEF7 /* statistics.h in Headers */,
				7352F1280CFEE43E0042BEF7 /* titrate.h in Headers */,
				7352F1290CFEE43E0042BEF7 /* xydata.h in Headers */,
				7352F12A0CFEE43E0042BEF7 /* analysis.h in Headers */,
				7352F12B0CFEE43E0042BEF7 /* average.h in Headers */,
				7352F12D0CFEE43E0042BEF7 /* container.h in Headers */,
				7352F12E0CFEE43E0042BEF7 /* countdown.h in Headers */,
				7352F12F0CFEE43E0042BEF7 /* ensemble.h in Headers */,
				7352F1300CFEE43E0042BEF7 /* group.h in Headers */,
				7352F1310CFEE43E0042BEF7 /* hardsphere.h in Headers */,
				7352F1320CFEE43E0042BEF7 /* histogram.h in Headers */,
				7352F1330CFEE43E0042BEF7 /* inputfile.h in Headers */,
				7352F1340CFEE43E0042BEF7 /* io.h in Headers */,
				7352F1350CFEE43E0042BEF7 /* legendre.h in Headers */,
				7352F1360CFEE43E0042BEF7 /* lennardjones.h in Headers */,
				7352F1370CFEE43E0042BEF7 /* markovmove.h in Headers */,
				7352F1380CFEE43E0042BEF7 /* particles.h in Headers */,
				7352F1390CFEE43E0042BEF7 /* physconst.h in Headers */,
				7352F13A0CFEE43E0042BEF7 /* point.h in Headers */,
				7352F13B0CFEE43E0042BEF7 /* pot_rfield.h in Headers */,
				7352F13C0CFEE43E0042BEF7 /* pot_spring.h in Headers */,
				7352F13D0CFEE43E0042BEF7 /* potentials.h in Headers */,
				7352F13E0CFEE43E0042BEF7 /* simpson.h in Headers */,
				7312338B0D0BDD3D007D60FB /* mcloop.h in Headers */,
				7359E7680D145F490022D178 /* pot_hydrophobic.h in Headers */,
			);
			runOnlyForDeploymentPostprocessing = 0;
		};
/* End PBXHeadersBuildPhase section */

/* Begin PBXNativeTarget section */
		7352F0FA0CFEE2650042BEF7 /* faunus */ = {
			isa = PBXNativeTarget;
			buildConfigurationList = 7352F0FC0CFEE2840042BEF7 /* Build configuration list for PBXNativeTarget "faunus" */;
			buildPhases = (
				7352F0F70CFEE2650042BEF7 /* Headers */,
				7352F0F80CFEE2650042BEF7 /* Sources */,
				7352F0F90CFEE2650042BEF7 /* Frameworks */,
			);
			buildRules = (
			);
			dependencies = (
			);
			name = faunus;
			productName = libfaunus;
			productReference = 7352F0FB0CFEE2650042BEF7 /* liblibfaunus.a */;
			productType = "com.apple.product-type.library.static";
		};
		7359E6F20D145A210022D178 /* widom */ = {
			isa = PBXNativeTarget;
			buildConfigurationList = 7359E6F90D145A5D0022D178 /* Build configuration list for PBXNativeTarget "widom" */;
			buildPhases = (
				7359E6F00D145A210022D178 /* Sources */,
				7359E6F10D145A210022D178 /* Frameworks */,
			);
			buildRules = (
			);
			dependencies = (
				7359E6F80D145A3F0022D178 /* PBXTargetDependency */,
			);
			name = widom;
			productName = widom;
			productReference = 7359E6F30D145A210022D178 /* widom */;
			productType = "com.apple.product-type.tool";
		};
		7359E74E0D145E340022D178 /* manybody */ = {
			isa = PBXNativeTarget;
			buildConfigurationList = 7359E75F0D145EDD0022D178 /* Build configuration list for PBXNativeTarget "manybody" */;
			buildPhases = (
				7359E74C0D145E340022D178 /* Sources */,
				7359E74D0D145E340022D178 /* Frameworks */,
				7359E75E0D145EDD0022D178 /* CopyFiles */,
			);
			buildRules = (
			);
			dependencies = (
				7359E7540D145E3A0022D178 /* PBXTargetDependency */,
			);
			name = manybody;
			productName = manybody;
			productReference = 7359E74F0D145E340022D178 /* manybody */;
			productType = "com.apple.product-type.tool";
		};
/* End PBXNativeTarget section */

/* Begin PBXProject section */
		08FB7793FE84155DC02AAC07 /* Project object */ = {
			isa = PBXProject;
			buildConfigurationList = 1DEB923508733DC60010E9CD /* Build configuration list for PBXProject "faunus" */;
			compatibilityVersion = "Xcode 2.4";
			hasScannedForEncodings = 1;
			mainGroup = 08FB7794FE84155DC02AAC07 /* faunus */;
			projectDirPath = "";
			projectRoot = "";
			targets = (
				7352F0FA0CFEE2650042BEF7 /* faunus */,
				7359E6F20D145A210022D178 /* widom */,
				7359E74E0D145E340022D178 /* manybody */,
			);
		};
/* End PBXProject section */

/* Begin PBXSourcesBuildPhase section */
		7352F0F80CFEE2650042BEF7 /* Sources */ = {
			isa = PBXSourcesBuildPhase;
			buildActionMask = 2147483647;
			files = (
				7352F10E0CFEE36F0042BEF7 /* analysis.C in Sources */,
				7352F10F0CFEE36F0042BEF7 /* container.C in Sources */,
				7352F1100CFEE36F0042BEF7 /* group.C in Sources */,
				7352F1110CFEE36F0042BEF7 /* hardsphere.C in Sources */,
				7352F1120CFEE36F0042BEF7 /* inputfile.C in Sources */,
				7352F1130CFEE36F0042BEF7 /* io.C in Sources */,
				7352F1140CFEE36F0042BEF7 /* particles.C in Sources */,
				7352F1150CFEE36F0042BEF7 /* physconst.C in Sources */,
				7352F1160CFEE36F0042BEF7 /* point.C in Sources */,
				7352F1170CFEE36F0042BEF7 /* potentials.C in Sources */,
				7352F1180CFEE36F0042BEF7 /* slump.C in Sources */,
				7352F11A0CFEE36F0042BEF7 /* species.C in Sources */,
				7352F11B0CFEE36F0042BEF7 /* titrate.C in Sources */,
			);
			runOnlyForDeploymentPostprocessing = 0;
		};
		7359E6F00D145A210022D178 /* Sources */ = {
			isa = PBXSourcesBuildPhase;
			buildActionMask = 2147483647;
			files = (
				7359E7080D145AD60022D178 /* widom.C in Sources */,
			);
			runOnlyForDeploymentPostprocessing = 0;
		};
		7359E74C0D145E340022D178 /* Sources */ = {
			isa = PBXSourcesBuildPhase;
			buildActionMask = 2147483647;
			files = (
				7359E7560D145E5A0022D178 /* manybody.C in Sources */,
			);
			runOnlyForDeploymentPostprocessing = 0;
		};
/* End PBXSourcesBuildPhase section */

/* Begin PBXTargetDependency section */
		7359E6F80D145A3F0022D178 /* PBXTargetDependency */ = {
			isa = PBXTargetDependency;
			target = 7352F0FA0CFEE2650042BEF7 /* faunus */;
			targetProxy = 7359E6F70D145A3F0022D178 /* PBXContainerItemProxy */;
		};
		7359E7540D145E3A0022D178 /* PBXTargetDependency */ = {
			isa = PBXTargetDependency;
			target = 7352F0FA0CFEE2650042BEF7 /* faunus */;
			targetProxy = 7359E7530D145E3A0022D178 /* PBXContainerItemProxy */;
		};
/* End PBXTargetDependency section */

/* Begin XCBuildConfiguration section */
		1DEB923608733DC60010E9CD /* Debug */ = {
			isa = XCBuildConfiguration;
			buildSettings = {
				GCC_WARN_ABOUT_RETURN_TYPE = YES;
				GCC_WARN_UNUSED_VARIABLE = YES;
				PREBINDING = NO;
				SDKROOT = /Developer/SDKs/MacOSX10.4u.sdk;
			};
			name = Debug;
		};
		1DEB923708733DC60010E9CD /* Release */ = {
			isa = XCBuildConfiguration;
			buildSettings = {
				GCC_WARN_ABOUT_RETURN_TYPE = YES;
				GCC_WARN_UNUSED_VARIABLE = YES;
				PREBINDING = NO;
				SDKROOT = /Developer/SDKs/MacOSX10.4u.sdk;
			};
			name = Release;
		};
		7352F0FD0CFEE2840042BEF7 /* Debug */ = {
			isa = XCBuildConfiguration;
			buildSettings = {
				COPY_PHASE_STRIP = NO;
				GCC_DYNAMIC_NO_PIC = NO;
				GCC_ENABLE_FIX_AND_CONTINUE = YES;
				GCC_GENERATE_DEBUGGING_SYMBOLS = YES;
				GCC_MODEL_TUNING = G5;
				GCC_OPTIMIZATION_LEVEL = 0;
				INSTALL_PATH = /usr/local/lib;
				PREBINDING = NO;
				PRODUCT_NAME = libfaunus;
				ZERO_LINK = YES;
			};
			name = Debug;
		};
		7352F0FE0CFEE2840042BEF7 /* Release */ = {
			isa = XCBuildConfiguration;
			buildSettings = {
				COPY_PHASE_STRIP = YES;
				GCC_ENABLE_FIX_AND_CONTINUE = NO;
				GCC_GENERATE_DEBUGGING_SYMBOLS = NO;
				GCC_MODEL_TUNING = G5;
				INSTALL_PATH = /usr/local/lib;
				PREBINDING = NO;
				PRODUCT_NAME = libfaunus;
				ZERO_LINK = NO;
			};
			name = Release;
		};
		7359E6F50D145A210022D178 /* Debug */ = {
			isa = XCBuildConfiguration;
			buildSettings = {
				COPY_PHASE_STRIP = NO;
				GCC_DYNAMIC_NO_PIC = NO;
				GCC_ENABLE_FIX_AND_CONTINUE = YES;
				GCC_MODEL_TUNING = G5;
				GCC_OPTIMIZATION_LEVEL = 0;
				INSTALL_PATH = /usr/local/bin;
				PREBINDING = NO;
				PRODUCT_NAME = widom;
				ZERO_LINK = YES;
			};
			name = Debug;
		};
		7359E6F60D145A210022D178 /* Release */ = {
			isa = XCBuildConfiguration;
			buildSettings = {
				COPY_PHASE_STRIP = YES;
				DEBUG_INFORMATION_FORMAT = "dwarf-with-dsym";
				GCC_ENABLE_FIX_AND_CONTINUE = NO;
				GCC_MODEL_TUNING = G5;
				INSTALL_PATH = /usr/local/bin;
				PREBINDING = NO;
				PRODUCT_NAME = widom;
				ZERO_LINK = NO;
			};
			name = Release;
		};
		7359E7510D145E340022D178 /* Debug */ = {
			isa = XCBuildConfiguration;
			buildSettings = {
				COPY_PHASE_STRIP = NO;
				GCC_DYNAMIC_NO_PIC = NO;
				GCC_ENABLE_FIX_AND_CONTINUE = YES;
				GCC_MODEL_TUNING = G5;
				GCC_OPTIMIZATION_LEVEL = 0;
				INSTALL_PATH = /usr/local/bin;
				PREBINDING = NO;
				PRODUCT_NAME = manybody;
				ZERO_LINK = YES;
			};
			name = Debug;
		};
		7359E7520D145E340022D178 /* Release */ = {
			isa = XCBuildConfiguration;
			buildSettings = {
				COPY_PHASE_STRIP = YES;
				DEBUG_INFORMATION_FORMAT = "dwarf-with-dsym";
				GCC_ENABLE_FIX_AND_CONTINUE = NO;
				GCC_MODEL_TUNING = G5;
				INSTALL_PATH = /usr/local/bin;
				PREBINDING = NO;
				PRODUCT_NAME = manybody;
				ZERO_LINK = NO;
			};
			name = Release;
		};
/* End XCBuildConfiguration section */

/* Begin XCConfigurationList section */
		1DEB923508733DC60010E9CD /* Build configuration list for PBXProject "faunus" */ = {
			isa = XCConfigurationList;
			buildConfigurations = (
				1DEB923608733DC60010E9CD /* Debug */,
				1DEB923708733DC60010E9CD /* Release */,
			);
			defaultConfigurationIsVisible = 0;
			defaultConfigurationName = Release;
		};
		7352F0FC0CFEE2840042BEF7 /* Build configuration list for PBXNativeTarget "faunus" */ = {
			isa = XCConfigurationList;
			buildConfigurations = (
				7352F0FD0CFEE2840042BEF7 /* Debug */,
				7352F0FE0CFEE2840042BEF7 /* Release */,
			);
			defaultConfigurationIsVisible = 0;
			defaultConfigurationName = Release;
		};
		7359E6F90D145A5D0022D178 /* Build configuration list for PBXNativeTarget "widom" */ = {
			isa = XCConfigurationList;
			buildConfigurations = (
				7359E6F50D145A210022D178 /* Debug */,
				7359E6F60D145A210022D178 /* Release */,
			);
			defaultConfigurationIsVisible = 0;
			defaultConfigurationName = Release;
		};
		7359E75F0D145EDD0022D178 /* Build configuration list for PBXNativeTarget "manybody" */ = {
			isa = XCConfigurationList;
			buildConfigurations = (
				7359E7510D145E340022D178 /* Debug */,
				7359E7520D145E340022D178 /* Release */,
			);
			defaultConfigurationIsVisible = 0;
			defaultConfigurationName = Release;
		};
/* End XCConfigurationList section */
	};
	rootObject = 08FB7793FE84155DC02AAC07 /* Project object */;
}
